
Microsoft Visual Studio Solution File, Format Version 12.00
# Visual Studio 15
VisualStudioVersion = 15.0.28307.271
MinimumVisualStudioVersion = 10.0.40219.1
Project("{FAE04EC0-301F-11D3-BF4B-00C04F79EFBC}") = "bibliotheque", "bibliotheque\bibliotheque.csproj", "{7B107094-20A8-4126-8916-808607CDE954}"
EndProject
Project("{FAE04EC0-301F-11D3-BF4B-00C04F79EFBC}") = "bibliothequeData", "bibliothequeData\bibliothequeData.csproj", "{819F1074-D939-4924-8FA8-B48709ACC432}"
EndProject
Global
	GlobalSection(SolutionConfigurationPlatforms) = preSolution
		Debug|Any CPU = Debug|Any CPU
		Release|Any CPU = Release|Any CPU
	EndGlobalSection
	GlobalSection(ProjectConfigurationPlatforms) = postSolution
		{7B107094-20A8-4126-8916-808607CDE954}.Debug|Any CPU.ActiveCfg = Debug|Any CPU
		{7B107094-20A8-4126-8916-808607CDE954}.Debug|Any CPU.Build.0 = Debug|Any CPU
		{7B107094-20A8-4126-8916-808607CDE954}.Release|Any CPU.ActiveCfg = Release|Any CPU
		{7B107094-20A8-4126-8916-808607CDE954}.Release|Any CPU.Build.0 = Release|Any CPU
		{819F1074-D939-4924-8FA8-B48709ACC432}.Debug|Any CPU.ActiveCfg = Debug|Any CPU
		{819F1074-D939-4924-8FA8-B48709ACC432}.Debug|Any CPU.Build.0 = Debug|Any CPU
		{819F1074-D939-4924-8FA8-B48709ACC432}.Release|Any CPU.ActiveCfg = Release|Any CPU
		{819F1074-D939-4924-8FA8-B48709ACC432}.Release|Any CPU.Build.0 = Release|Any CPU
	EndGlobalSection
	GlobalSection(SolutionProperties) = preSolution
		HideSolutionNode = FALSE
	EndGlobalSection
	GlobalSection(ExtensibilityGlobals) = postSolution
		SolutionGuid = {53668533-1C58-46A9-926A-BA36046FB263}
	EndGlobalSection
EndGlobal
